<?xml version="1.0" encoding="utf-8"?>
<Project ToolsVersion="4.0" xmlns="http://schemas.microsoft.com/developer/msbuild/2003">
  <ItemGroup>
    <Filter Include="Source Files">
      <UniqueIdentifier>{4FC737F1-C7A5-4376-A066-2A32D752A2FF}</UniqueIdentifier>
      <Extensions>cpp;c;cc;cxx;def;odl;idl;hpj;bat;asm;asmx</Extensions>
    </Filter>
    <Filter Include="Header Files">
      <UniqueIdentifier>{93995380-89BD-4b04-88EB-625FBE52EBFB}</UniqueIdentifier>
      <Extensions>h;hh;hpp;hxx;hm;inl;inc;xsd</Extensions>
    </Filter>
    <Filter Include="Resource Files">
      <UniqueIdentifier>{D9D6E242-F8AF-46E4-B9FD-80ECBC20BA3E}</UniqueIdentifier>
      <Extensions>qrc;*</Extensions>
      <ParseFiles>false</ParseFiles>
    </Filter>
    <Filter Include="Form Files">
      <UniqueIdentifier>{99349809-55BA-4b9d-BF79-8FDBB0286EB3}</UniqueIdentifier>
      <Extensions>ui</Extensions>
    </Filter>
    <Filter Include="Resource Files">
      <UniqueIdentifier>{D9D6E242-F8AF-46E4-B9FD-80ECBC20BA3E}</UniqueIdentifier>
      <Extensions>qrc;*</Extensions>
      <ParseFiles>false</ParseFiles>
    </Filter>
  </ItemGroup>
  <ItemGroup>
    <ClCompile Include="main.cpp">
      <Filter>Source Files</Filter>
    </ClCompile>
    <ClCompile Include="PASystem.cpp">
      <Filter>Source Files</Filter>
    </ClCompile>
    <ClCompile Include="MSql.cpp">
      <Filter>Source Files</Filter>
    </ClCompile>
    <ClCompile Include="MLabel.cpp">
      <Filter>Source Files</Filter>
    </ClCompile>
    <ClCompile Include="ProvincesOfChina.cpp">
      <Filter>Source Files</Filter>
    </ClCompile>
    <ClCompile Include="MechanismInfoPanel.cpp">
      <Filter>Source Files</Filter>
    </ClCompile>
    <ClCompile Include="BackManagerPanel.cpp">
      <Filter>Source Files</Filter>
    </ClCompile>
    <ClCompile Include="PATable.cpp">
      <Filter>Source Files</Filter>
    </ClCompile>
    <ClCompile Include="PAType.cpp">
      <Filter>Source Files</Filter>
    </ClCompile>
    <ClCompile Include="PAResult.cpp">
      <Filter>Source Files</Filter>
    </ClCompile>
    <ClCompile Include="HelpMeDecision.cpp">
      <Filter>Source Files</Filter>
    </ClCompile>
    <ClCompile Include="MechanismDetail.cpp">
      <Filter>Source Files</Filter>
    </ClCompile>
    <ClCompile Include="FeedBack.cpp">
      <Filter>Source Files</Filter>
    </ClCompile>
    <ClCompile Include="SeeFeedBack.cpp">
      <Filter>Source Files</Filter>
    </ClCompile>
    <ClCompile Include="HREcruitmentInfo.cpp">
      <Filter>Source Files</Filter>
    </ClCompile>
    <ClCompile Include="EnterViewLabel.cpp">
      <Filter>Source Files</Filter>
    </ClCompile>
  </ItemGroup>
  <ItemGroup>
    <QtMoc Include="PASystem.h">
      <Filter>Header Files</Filter>
    </QtMoc>
    <QtMoc Include="MLabel.h">
      <Filter>Header Files</Filter>
    </QtMoc>
    <QtMoc Include="MechanismInfoPanel.h">
      <Filter>Header Files</Filter>
    </QtMoc>
    <QtMoc Include="BackManagerPanel.h">
      <Filter>Header Files</Filter>
    </QtMoc>
    <QtMoc Include="PATable.h">
      <Filter>Header Files</Filter>
    </QtMoc>
    <QtMoc Include="PAType.h">
      <Filter>Header Files</Filter>
    </QtMoc>
    <QtMoc Include="PAResult.h">
      <Filter>Header Files</Filter>
    </QtMoc>
    <QtMoc Include="HelpMeDecision.h">
      <Filter>Header Files</Filter>
    </QtMoc>
    <QtMoc Include="MechanismDetail.h">
      <Filter>Header Files</Filter>
    </QtMoc>
    <QtMoc Include="FeedBack.h">
      <Filter>Header Files</Filter>
    </QtMoc>
    <QtMoc Include="SeeFeedBack.h">
      <Filter>Header Files</Filter>
    </QtMoc>
    <QtMoc Include="HREcruitmentInfo.h">
      <Filter>Header Files</Filter>
    </QtMoc>
    <QtMoc Include="EnterViewLabel.h">
      <Filter>Header Files</Filter>
    </QtMoc>
  </ItemGroup>
  <ItemGroup>
    <QtUic Include="PASystem.ui">
      <Filter>Form Files</Filter>
    </QtUic>
    <QtUic Include="MechanismInfoPanel.ui">
      <Filter>Form Files</Filter>
    </QtUic>
    <QtUic Include="BackManagerPanel.ui">
      <Filter>Form Files</Filter>
    </QtUic>
    <QtUic Include="PATable.ui">
      <Filter>Form Files</Filter>
    </QtUic>
    <QtUic Include="PAType.ui">
      <Filter>Form Files</Filter>
    </QtUic>
    <QtUic Include="PAResult.ui">
      <Filter>Form Files</Filter>
    </QtUic>
    <QtUic Include="HelpMeDecision.ui">
      <Filter>Form Files</Filter>
    </QtUic>
    <QtUic Include="MechanismDetail.ui">
      <Filter>Form Files</Filter>
    </QtUic>
    <QtUic Include="FeedBack.ui">
      <Filter>Form Files</Filter>
    </QtUic>
    <QtUic Include="SeeFeedBack.ui">
      <Filter>Form Files</Filter>
    </QtUic>
    <QtUic Include="HREcruitmentInfo.ui">
      <Filter>Form Files</Filter>
    </QtUic>
  </ItemGroup>
  <ItemGroup>
    <QtRcc Include="PASystem.qrc">
      <Filter>Resource Files</Filter>
    </QtRcc>
  </ItemGroup>
  <ItemGroup>
    <None Include="packages.config" />
  </ItemGroup>
  <ItemGroup>
    <ClInclude Include="Good.h">
      <Filter>Header Files</Filter>
    </ClInclude>
    <ClInclude Include="MSql.h">
      <Filter>Header Files</Filter>
    </ClInclude>
    <ClInclude Include="ProvincesOfChina.h">
      <Filter>Header Files</Filter>
    </ClInclude>
    <ClInclude Include="resource.h">
      <Filter>Header Files</Filter>
    </ClInclude>
  </ItemGroup>
  <ItemGroup>
    <ResourceCompile Include="PASystem.rc" />
  </ItemGroup>
</Project>